
Microsoft Visual Studio Solution File, Format Version 12.00
# Visual Studio 2013
VisualStudioVersion = 12.0.30723.0
MinimumVisualStudioVersion = 10.0.40219.1
Project("{FAE04EC0-301F-11D3-BF4B-00C04F79EFBC}") = "Eventarin.Core", "Eventarin.Core\Eventarin.Core.csproj", "{A6421085-47D0-4885-AA16-AB9D1D721D97}"
EndProject
Project("{2150E333-8FDC-42A3-9474-1A3956D46DE8}") = "Tests", "Tests", "{874B761F-F807-4787-AAFC-1DC06F754E18}"
EndProject
Project("{FAE04EC0-301F-11D3-BF4B-00C04F79EFBC}") = "Eventarin.Core.Tests", "Tests\Eventarin.Core.Tests\Eventarin.Core.Tests.csproj", "{9C2D8DAF-1A18-4245-A60B-0AD0748A1344}"
EndProject
Project("{2150E333-8FDC-42A3-9474-1A3956D46DE8}") = "Clients", "Clients", "{B8E93189-F09C-4A7D-B452-6C47634157D9}"
EndProject
Project("{FAE04EC0-301F-11D3-BF4B-00C04F79EFBC}") = "Eventarin.Android", "Clients\Eventarin.Android\Eventarin.Android.csproj", "{7093C3BB-AE51-40DC-B59C-4FDA53D749AE}"
EndProject
Project("{FAE04EC0-301F-11D3-BF4B-00C04F79EFBC}") = "Eventarin.iOS", "Clients\Eventarin.iOS\Eventarin.iOS.csproj", "{4E3E8EC7-C811-4419-9DA9-A077111EDD99}"
EndProject
Global
	GlobalSection(SolutionConfigurationPlatforms) = preSolution
		Ad-Hoc|Any CPU = Ad-Hoc|Any CPU
		Ad-Hoc|iPhone = Ad-Hoc|iPhone
		Ad-Hoc|iPhoneSimulator = Ad-Hoc|iPhoneSimulator
		AppStore|Any CPU = AppStore|Any CPU
		AppStore|iPhone = AppStore|iPhone
		AppStore|iPhoneSimulator = AppStore|iPhoneSimulator
		Debug|Any CPU = Debug|Any CPU
		Debug|iPhone = Debug|iPhone
		Debug|iPhoneSimulator = Debug|iPhoneSimulator
		Release|Any CPU = Release|Any CPU
		Release|iPhone = Release|iPhone
		Release|iPhoneSimulator = Release|iPhoneSimulator
	EndGlobalSection
	GlobalSection(ProjectConfigurationPlatforms) = postSolution
		{A6421085-47D0-4885-AA16-AB9D1D721D97}.Ad-Hoc|Any CPU.ActiveCfg = Release|Any CPU
		{A6421085-47D0-4885-AA16-AB9D1D721D97}.Ad-Hoc|Any CPU.Build.0 = Release|Any CPU
		{A6421085-47D0-4885-AA16-AB9D1D721D97}.Ad-Hoc|iPhone.ActiveCfg = Debug|Any CPU
		{A6421085-47D0-4885-AA16-AB9D1D721D97}.Ad-Hoc|iPhone.Build.0 = Debug|Any CPU
		{A6421085-47D0-4885-AA16-AB9D1D721D97}.Ad-Hoc|iPhoneSimulator.ActiveCfg = Release|Any CPU
		{A6421085-47D0-4885-AA16-AB9D1D721D97}.AppStore|Any CPU.ActiveCfg = Release|Any CPU
		{A6421085-47D0-4885-AA16-AB9D1D721D97}.AppStore|Any CPU.Build.0 = Release|Any CPU
		{A6421085-47D0-4885-AA16-AB9D1D721D97}.AppStore|iPhone.ActiveCfg = Debug|Any CPU
		{A6421085-47D0-4885-AA16-AB9D1D721D97}.AppStore|iPhone.Build.0 = Debug|Any CPU
		{A6421085-47D0-4885-AA16-AB9D1D721D97}.AppStore|iPhoneSimulator.ActiveCfg = Release|Any CPU
		{A6421085-47D0-4885-AA16-AB9D1D721D97}.Debug|Any CPU.ActiveCfg = Debug|Any CPU
		{A6421085-47D0-4885-AA16-AB9D1D721D97}.Debug|Any CPU.Build.0 = Debug|Any CPU
		{A6421085-47D0-4885-AA16-AB9D1D721D97}.Debug|Any CPU.Deploy.0 = Debug|Any CPU
		{A6421085-47D0-4885-AA16-AB9D1D721D97}.Debug|iPhone.ActiveCfg = Debug|Any CPU
		{A6421085-47D0-4885-AA16-AB9D1D721D97}.Debug|iPhone.Build.0 = Debug|Any CPU
		{A6421085-47D0-4885-AA16-AB9D1D721D97}.Debug|iPhoneSimulator.ActiveCfg = Debug|Any CPU
		{A6421085-47D0-4885-AA16-AB9D1D721D97}.Debug|iPhoneSimulator.Build.0 = Debug|Any CPU
		{A6421085-47D0-4885-AA16-AB9D1D721D97}.Release|Any CPU.ActiveCfg = Release|Any CPU
		{A6421085-47D0-4885-AA16-AB9D1D721D97}.Release|Any CPU.Build.0 = Release|Any CPU
		{A6421085-47D0-4885-AA16-AB9D1D721D97}.Release|iPhone.ActiveCfg = Release|Any CPU
		{A6421085-47D0-4885-AA16-AB9D1D721D97}.Release|iPhone.Build.0 = Release|Any CPU
		{A6421085-47D0-4885-AA16-AB9D1D721D97}.Release|iPhoneSimulator.ActiveCfg = Release|Any CPU
		{A6421085-47D0-4885-AA16-AB9D1D721D97}.Release|iPhoneSimulator.Build.0 = Release|Any CPU
		{9C2D8DAF-1A18-4245-A60B-0AD0748A1344}.Ad-Hoc|Any CPU.ActiveCfg = Release|Any CPU
		{9C2D8DAF-1A18-4245-A60B-0AD0748A1344}.Ad-Hoc|Any CPU.Build.0 = Release|Any CPU
		{9C2D8DAF-1A18-4245-A60B-0AD0748A1344}.Ad-Hoc|iPhone.ActiveCfg = Debug|Any CPU
		{9C2D8DAF-1A18-4245-A60B-0AD0748A1344}.Ad-Hoc|iPhone.Build.0 = Debug|Any CPU
		{9C2D8DAF-1A18-4245-A60B-0AD0748A1344}.Ad-Hoc|iPhoneSimulator.ActiveCfg = Release|Any CPU
		{9C2D8DAF-1A18-4245-A60B-0AD0748A1344}.AppStore|Any CPU.ActiveCfg = Release|Any CPU
		{9C2D8DAF-1A18-4245-A60B-0AD0748A1344}.AppStore|Any CPU.Build.0 = Release|Any CPU
		{9C2D8DAF-1A18-4245-A60B-0AD0748A1344}.AppStore|iPhone.ActiveCfg = Debug|Any CPU
		{9C2D8DAF-1A18-4245-A60B-0AD0748A1344}.AppStore|iPhone.Build.0 = Debug|Any CPU
		{9C2D8DAF-1A18-4245-A60B-0AD0748A1344}.AppStore|iPhoneSimulator.ActiveCfg = Release|Any CPU
		{9C2D8DAF-1A18-4245-A60B-0AD0748A1344}.Debug|Any CPU.ActiveCfg = Debug|Any CPU
		{9C2D8DAF-1A18-4245-A60B-0AD0748A1344}.Debug|Any CPU.Build.0 = Debug|Any CPU
		{9C2D8DAF-1A18-4245-A60B-0AD0748A1344}.Debug|iPhone.ActiveCfg = Debug|Any CPU
		{9C2D8DAF-1A18-4245-A60B-0AD0748A1344}.Debug|iPhone.Build.0 = Debug|Any CPU
		{9C2D8DAF-1A18-4245-A60B-0AD0748A1344}.Debug|iPhoneSimulator.ActiveCfg = Debug|Any CPU
		{9C2D8DAF-1A18-4245-A60B-0AD0748A1344}.Debug|iPhoneSimulator.Build.0 = Debug|Any CPU
		{9C2D8DAF-1A18-4245-A60B-0AD0748A1344}.Release|Any CPU.ActiveCfg = Release|Any CPU
		{9C2D8DAF-1A18-4245-A60B-0AD0748A1344}.Release|iPhone.ActiveCfg = Release|Any CPU
		{9C2D8DAF-1A18-4245-A60B-0AD0748A1344}.Release|iPhone.Build.0 = Release|Any CPU
		{9C2D8DAF-1A18-4245-A60B-0AD0748A1344}.Release|iPhoneSimulator.ActiveCfg = Release|Any CPU
		{9C2D8DAF-1A18-4245-A60B-0AD0748A1344}.Release|iPhoneSimulator.Build.0 = Release|Any CPU
		{7093C3BB-AE51-40DC-B59C-4FDA53D749AE}.Ad-Hoc|Any CPU.ActiveCfg = Release|Any CPU
		{7093C3BB-AE51-40DC-B59C-4FDA53D749AE}.Ad-Hoc|Any CPU.Build.0 = Release|Any CPU
		{7093C3BB-AE51-40DC-B59C-4FDA53D749AE}.Ad-Hoc|Any CPU.Deploy.0 = Release|Any CPU
		{7093C3BB-AE51-40DC-B59C-4FDA53D749AE}.Ad-Hoc|iPhone.ActiveCfg = Debug|Any CPU
		{7093C3BB-AE51-40DC-B59C-4FDA53D749AE}.Ad-Hoc|iPhoneSimulator.ActiveCfg = Release|Any CPU
		{7093C3BB-AE51-40DC-B59C-4FDA53D749AE}.AppStore|Any CPU.ActiveCfg = Release|Any CPU
		{7093C3BB-AE51-40DC-B59C-4FDA53D749AE}.AppStore|Any CPU.Build.0 = Release|Any CPU
		{7093C3BB-AE51-40DC-B59C-4FDA53D749AE}.AppStore|Any CPU.Deploy.0 = Release|Any CPU
		{7093C3BB-AE51-40DC-B59C-4FDA53D749AE}.AppStore|iPhone.ActiveCfg = Debug|Any CPU
		{7093C3BB-AE51-40DC-B59C-4FDA53D749AE}.AppStore|iPhoneSimulator.ActiveCfg = Release|Any CPU
		{7093C3BB-AE51-40DC-B59C-4FDA53D749AE}.Debug|Any CPU.ActiveCfg = Debug|Any CPU
		{7093C3BB-AE51-40DC-B59C-4FDA53D749AE}.Debug|Any CPU.Build.0 = Debug|Any CPU
		{7093C3BB-AE51-40DC-B59C-4FDA53D749AE}.Debug|Any CPU.Deploy.0 = Debug|Any CPU
		{7093C3BB-AE51-40DC-B59C-4FDA53D749AE}.Debug|iPhone.ActiveCfg = Debug|Any CPU
		{7093C3BB-AE51-40DC-B59C-4FDA53D749AE}.Debug|iPhoneSimulator.ActiveCfg = Debug|Any CPU
		{7093C3BB-AE51-40DC-B59C-4FDA53D749AE}.Release|Any CPU.ActiveCfg = Release|Any CPU
		{7093C3BB-AE51-40DC-B59C-4FDA53D749AE}.Release|Any CPU.Build.0 = Release|Any CPU
		{7093C3BB-AE51-40DC-B59C-4FDA53D749AE}.Release|Any CPU.Deploy.0 = Release|Any CPU
		{7093C3BB-AE51-40DC-B59C-4FDA53D749AE}.Release|iPhone.ActiveCfg = Release|Any CPU
		{7093C3BB-AE51-40DC-B59C-4FDA53D749AE}.Release|iPhoneSimulator.ActiveCfg = Release|Any CPU
		{4E3E8EC7-C811-4419-9DA9-A077111EDD99}.Ad-Hoc|Any CPU.ActiveCfg = Ad-Hoc|iPhoneSimulator
		{4E3E8EC7-C811-4419-9DA9-A077111EDD99}.Ad-Hoc|iPhone.ActiveCfg = Ad-Hoc|iPhone
		{4E3E8EC7-C811-4419-9DA9-A077111EDD99}.Ad-Hoc|iPhone.Build.0 = Ad-Hoc|iPhone
		{4E3E8EC7-C811-4419-9DA9-A077111EDD99}.Ad-Hoc|iPhoneSimulator.ActiveCfg = Ad-Hoc|iPhoneSimulator
		{4E3E8EC7-C811-4419-9DA9-A077111EDD99}.Ad-Hoc|iPhoneSimulator.Build.0 = Ad-Hoc|iPhoneSimulator
		{4E3E8EC7-C811-4419-9DA9-A077111EDD99}.AppStore|Any CPU.ActiveCfg = AppStore|iPhoneSimulator
		{4E3E8EC7-C811-4419-9DA9-A077111EDD99}.AppStore|iPhone.ActiveCfg = AppStore|iPhone
		{4E3E8EC7-C811-4419-9DA9-A077111EDD99}.AppStore|iPhone.Build.0 = AppStore|iPhone
		{4E3E8EC7-C811-4419-9DA9-A077111EDD99}.AppStore|iPhoneSimulator.ActiveCfg = AppStore|iPhoneSimulator
		{4E3E8EC7-C811-4419-9DA9-A077111EDD99}.AppStore|iPhoneSimulator.Build.0 = AppStore|iPhoneSimulator
		{4E3E8EC7-C811-4419-9DA9-A077111EDD99}.Debug|Any CPU.ActiveCfg = Debug|iPhoneSimulator
		{4E3E8EC7-C811-4419-9DA9-A077111EDD99}.Debug|iPhone.ActiveCfg = Debug|iPhone
		{4E3E8EC7-C811-4419-9DA9-A077111EDD99}.Debug|iPhone.Build.0 = Debug|iPhone
		{4E3E8EC7-C811-4419-9DA9-A077111EDD99}.Debug|iPhoneSimulator.ActiveCfg = Debug|iPhoneSimulator
		{4E3E8EC7-C811-4419-9DA9-A077111EDD99}.Debug|iPhoneSimulator.Build.0 = Debug|iPhoneSimulator
		{4E3E8EC7-C811-4419-9DA9-A077111EDD99}.Release|Any CPU.ActiveCfg = Release|iPhoneSimulator
		{4E3E8EC7-C811-4419-9DA9-A077111EDD99}.Release|iPhone.ActiveCfg = Release|iPhone
		{4E3E8EC7-C811-4419-9DA9-A077111EDD99}.Release|iPhone.Build.0 = Release|iPhone
		{4E3E8EC7-C811-4419-9DA9-A077111EDD99}.Release|iPhoneSimulator.ActiveCfg = Release|iPhoneSimulator
		{4E3E8EC7-C811-4419-9DA9-A077111EDD99}.Release|iPhoneSimulator.Build.0 = Release|iPhoneSimulator
	EndGlobalSection
	GlobalSection(SolutionProperties) = preSolution
		HideSolutionNode = FALSE
	EndGlobalSection
	GlobalSection(NestedProjects) = preSolution
		{9C2D8DAF-1A18-4245-A60B-0AD0748A1344} = {874B761F-F807-4787-AAFC-1DC06F754E18}
		{7093C3BB-AE51-40DC-B59C-4FDA53D749AE} = {B8E93189-F09C-4A7D-B452-6C47634157D9}
		{4E3E8EC7-C811-4419-9DA9-A077111EDD99} = {B8E93189-F09C-4A7D-B452-6C47634157D9}
	EndGlobalSection
	GlobalSection(MonoDevelopProperties) = preSolution
		StartupItem = Clients\Eventarin.Android\Eventarin.Android.csproj
	EndGlobalSection
EndGlobal
